
Microsoft Visual Studio Solution File, Format Version 12.00
# Visual Studio Version 17
VisualStudioVersion = 17.7.34202.233
MinimumVisualStudioVersion = 10.0.40219.1
Project("{FAE04EC0-301F-11D3-BF4B-00C04F79EFBC}") = "quiz_maker", "quiz_maker.csproj", "{1C0C8D66-72CC-4452-8966-A5A5D6D2B50C}"
EndProject
Global
	GlobalSection(SolutionConfigurationPlatforms) = preSolution
		Debug|Any CPU = Debug|Any CPU
		Release|Any CPU = Release|Any CPU
	EndGlobalSection
	GlobalSection(ProjectConfigurationPlatforms) = postSolution
		{1C0C8D66-72CC-4452-8966-A5A5D6D2B50C}.Debug|Any CPU.ActiveCfg = Debug|Any CPU
		{1C0C8D66-72CC-4452-8966-A5A5D6D2B50C}.Debug|Any CPU.Build.0 = Debug|Any CPU
		{1C0C8D66-72CC-4452-8966-A5A5D6D2B50C}.Release|Any CPU.ActiveCfg = Release|Any CPU
		{1C0C8D66-72CC-4452-8966-A5A5D6D2B50C}.Release|Any CPU.Build.0 = Release|Any CPU
	EndGlobalSection
	GlobalSection(SolutionProperties) = preSolution
		HideSolutionNode = FALSE
	EndGlobalSection
	GlobalSection(ExtensibilityGlobals) = postSolution
		SolutionGuid = {E545AE6F-27BC-4DD8-B909-ECB1050C9A8F}
	EndGlobalSection
EndGlobal
